
Microsoft Visual Studio Solution File, Format Version 12.00
# Visual Studio Version 17
VisualStudioVersion = 17.11.35312.102
MinimumVisualStudioVersion = 10.0.40219.1
Project("{9A19103F-16F7-4668-BE54-9A1E7A4F7556}") = "FinalProject", "FinalProject\FinalProject.csproj", "{C90E89CD-9287-4416-B83F-0E9245D1504E}"
EndProject
Project("{9A19103F-16F7-4668-BE54-9A1E7A4F7556}") = "FinalProjectMVC", "FinalProjectMVC\FinalProjectMVC.csproj", "{9C28E125-CEC2-442D-9554-4E02677869A0}"
EndProject
Project("{FAE04EC0-301F-11D3-BF4B-00C04F79EFBC}") = "FinalProjectTest", "FinalProjectTest\FinalProjectTest.csproj", "{57C806AB-924D-48D6-8776-FDF9565FACBD}"
EndProject
Global
	GlobalSection(SolutionConfigurationPlatforms) = preSolution
		Debug|Any CPU = Debug|Any CPU
		Release|Any CPU = Release|Any CPU
	EndGlobalSection
	GlobalSection(ProjectConfigurationPlatforms) = postSolution
		{C90E89CD-9287-4416-B83F-0E9245D1504E}.Debug|Any CPU.ActiveCfg = Debug|Any CPU
		{C90E89CD-9287-4416-B83F-0E9245D1504E}.Debug|Any CPU.Build.0 = Debug|Any CPU
		{C90E89CD-9287-4416-B83F-0E9245D1504E}.Release|Any CPU.ActiveCfg = Release|Any CPU
		{C90E89CD-9287-4416-B83F-0E9245D1504E}.Release|Any CPU.Build.0 = Release|Any CPU
		{9C28E125-CEC2-442D-9554-4E02677869A0}.Debug|Any CPU.ActiveCfg = Debug|Any CPU
		{9C28E125-CEC2-442D-9554-4E02677869A0}.Debug|Any CPU.Build.0 = Debug|Any CPU
		{9C28E125-CEC2-442D-9554-4E02677869A0}.Release|Any CPU.ActiveCfg = Release|Any CPU
		{9C28E125-CEC2-442D-9554-4E02677869A0}.Release|Any CPU.Build.0 = Release|Any CPU
		{57C806AB-924D-48D6-8776-FDF9565FACBD}.Debug|Any CPU.ActiveCfg = Debug|Any CPU
		{57C806AB-924D-48D6-8776-FDF9565FACBD}.Debug|Any CPU.Build.0 = Debug|Any CPU
		{57C806AB-924D-48D6-8776-FDF9565FACBD}.Release|Any CPU.ActiveCfg = Release|Any CPU
		{57C806AB-924D-48D6-8776-FDF9565FACBD}.Release|Any CPU.Build.0 = Release|Any CPU
	EndGlobalSection
	GlobalSection(SolutionProperties) = preSolution
		HideSolutionNode = FALSE
	EndGlobalSection
	GlobalSection(ExtensibilityGlobals) = postSolution
		SolutionGuid = {93E5417B-8F9E-4629-B756-F0731AA66F59}
	EndGlobalSection
EndGlobal
